// !$*UTF8*$!
{
	archiveVersion = 1;
	classes = {
	};
	objectVersion = 77;
	objects = {

/* Begin PBXBuildFile section */
		E24D71DD2DC798B600BA8AE0 /* SDWebImageSwiftUI in Frameworks */ = {isa = PBXBuildFile; productRef = E24D71DC2DC798B600BA8AE0 /* SDWebImageSwiftUI */; };
/* End PBXBuildFile section */

/* Begin PBXContainerItemProxy section */
		E2A1EFFD2DA7E04F00F3543F /* PBXContainerItemProxy */ = {
			isa = PBXContainerItemProxy;
			containerPortal = E2A1EFE72DA7E04D00F3543F /* Project object */;
			proxyType = 1;
			remoteGlobalIDString = E2A1EFEE2DA7E04D00F3543F;
			remoteInfo = EmotionsLabPatient;
		};
		E2A1F0072DA7E04F00F3543F /* PBXContainerItemProxy */ = {
			isa = PBXContainerItemProxy;
			containerPortal = E2A1EFE72DA7E04D00F3543F /* Project object */;
			proxyType = 1;
			remoteGlobalIDString = E2A1EFEE2DA7E04D00F3543F;
			remoteInfo = EmotionsLabPatient;
		};
/* End PBXContainerItemProxy section */

/* Begin PBXFileReference section */
		E2A1EFEF2DA7E04D00F3543F /* EmotionsLabPatient.app */ = {isa = PBXFileReference; explicitFileType = wrapper.application; includeInIndex = 0; path = EmotionsLabPatient.app; sourceTree = BUILT_PRODUCTS_DIR; };
		E2A1EFFC2DA7E04F00F3543F /* EmotionsLabPatientTests.xctest */ = {isa = PBXFileReference; explicitFileType = wrapper.cfbundle; includeInIndex = 0; path = EmotionsLabPatientTests.xctest; sourceTree = BUILT_PRODUCTS_DIR; };
		E2A1F0062DA7E04F00F3543F /* EmotionsLabPatientUITests.xctest */ = {isa = PBXFileReference; explicitFileType = wrapper.cfbundle; includeInIndex = 0; path = EmotionsLabPatientUITests.xctest; sourceTree = BUILT_PRODUCTS_DIR; };
/* End PBXFileReference section */

/* Begin PBXFileSystemSynchronizedBuildFileExceptionSet section */
		E2A411D92DE2E08200346752 /* Exceptions for "EmotionsLabPatient" folder in "EmotionsLabPatient" target */ = {
			isa = PBXFileSystemSynchronizedBuildFileExceptionSet;
			membershipExceptions = (
				Info.plist,
			);
			target = E2A1EFEE2DA7E04D00F3543F /* EmotionsLabPatient */;
		};
/* End PBXFileSystemSynchronizedBuildFileExceptionSet section */

/* Begin PBXFileSystemSynchronizedRootGroup section */
		E2A1EFF12DA7E04D00F3543F /* EmotionsLabPatient */ = {
			isa = PBXFileSystemSynchronizedRootGroup;
			exceptions = (
				E2A411D92DE2E08200346752 /* Exceptions for "EmotionsLabPatient" folder in "EmotionsLabPatient" target */,
			);
			path = EmotionsLabPatient;
			sourceTree = "<group>";
		};
		E2A1EFFF2DA7E04F00F3543F /* EmotionsLabPatientTests */ = {
			isa = PBXFileSystemSynchronizedRootGroup;
			path = EmotionsLabPatientTests;
			sourceTree = "<group>";
		};
		E2A1F0092DA7E04F00F3543F /* EmotionsLabPatientUITests */ = {
			isa = PBXFileSystemSynchronizedRootGroup;
			path = EmotionsLabPatientUITests;
			sourceTree = "<group>";
		};
/* End PBXFileSystemSynchronizedRootGroup section */

/* Begin PBXFrameworksBuildPhase section */
		E2A1EFEC2DA7E04D00F3543F /* Frameworks */ = {
			isa = PBXFrameworksBuildPhase;
			buildActionMask = 2147483647;
			files = (
				E24D71DD2DC798B600BA8AE0 /* SDWebImageSwiftUI in Frameworks */,
			);
			runOnlyForDeploymentPostprocessing = 0;
		};
		E2A1EFF92DA7E04F00F3543F /* Frameworks */ = {
			isa = PBXFrameworksBuildPhase;
			buildActionMask = 2147483647;
			files = (
			);
			runOnlyForDeploymentPostprocessing = 0;
		};
		E2A1F0032DA7E04F00F3543F /* Frameworks */ = {
			isa = PBXFrameworksBuildPhase;
			buildActionMask = 2147483647;
			files = (
			);
			runOnlyForDeploymentPostprocessing = 0;
		};
/* End PBXFrameworksBuildPhase section */

/* Begin PBXGroup section */
		E2A1EFE62DA7E04D00F3543F = {
			isa = PBXGroup;
			children = (
				E2A1EFF12DA7E04D00F3543F /* EmotionsLabPatient */,
				E2A1EFFF2DA7E04F00F3543F /* EmotionsLabPatientTests */,
				E2A1F0092DA7E04F00F3543F /* EmotionsLabPatientUITests */,
				E2A1EFF02DA7E04D00F3543F /* Products */,
			);
			sourceTree = "<group>";
		};
		E2A1EFF02DA7E04D00F3543F /* Products */ = {
			isa = PBXGroup;
			children = (
				E2A1EFEF2DA7E04D00F3543F /* EmotionsLabPatient.app */,
				E2A1EFFC2DA7E04F00F3543F /* EmotionsLabPatientTests.xctest */,
				E2A1F0062DA7E04F00F3543F /* EmotionsLabPatientUITests.xctest */,
			);
			name = Products;
			sourceTree = "<group>";
		};
/* End PBXGroup section */

/* Begin PBXNativeTarget section */
		E2A1EFEE2DA7E04D00F3543F /* EmotionsLabPatient */ = {
			isa = PBXNativeTarget;
			buildConfigurationList = E2A1F0102DA7E04F00F3543F /* Build configuration list for PBXNativeTarget "EmotionsLabPatient" */;
			buildPhases = (
				E2A1EFEB2DA7E04D00F3543F /* Sources */,
				E2A1EFEC2DA7E04D00F3543F /* Frameworks */,
				E2A1EFED2DA7E04D00F3543F /* Resources */,
			);
			buildRules = (
			);
			dependencies = (
			);
			fileSystemSynchronizedGroups = (
				E2A1EFF12DA7E04D00F3543F /* EmotionsLabPatient */,
			);
			name = EmotionsLabPatient;
			packageProductDependencies = (
				E24D71DC2DC798B600BA8AE0 /* SDWebImageSwiftUI */,
			);
			productName = EmotionsLabPatient;
			productReference = E2A1EFEF2DA7E04D00F3543F /* EmotionsLabPatient.app */;
			productType = "com.apple.product-type.application";
		};
		E2A1EFFB2DA7E04F00F3543F /* EmotionsLabPatientTests */ = {
			isa = PBXNativeTarget;
			buildConfigurationList = E2A1F0132DA7E04F00F3543F /* Build configuration list for PBXNativeTarget "EmotionsLabPatientTests" */;
			buildPhases = (
				E2A1EFF82DA7E04F00F3543F /* Sources */,
				E2A1EFF92DA7E04F00F3543F /* Frameworks */,
				E2A1EFFA2DA7E04F00F3543F /* Resources */,
			);
			buildRules = (
			);
			dependencies = (
				E2A1EFFE2DA7E04F00F3543F /* PBXTargetDependency */,
			);
			fileSystemSynchronizedGroups = (
				E2A1EFFF2DA7E04F00F3543F /* EmotionsLabPatientTests */,
			);
			name = EmotionsLabPatientTests;
			packageProductDependencies = (
			);
			productName = EmotionsLabPatientTests;
			productReference = E2A1EFFC2DA7E04F00F3543F /* EmotionsLabPatientTests.xctest */;
			productType = "com.apple.product-type.bundle.unit-test";
		};
		E2A1F0052DA7E04F00F3543F /* EmotionsLabPatientUITests */ = {
			isa = PBXNativeTarget;
			buildConfigurationList = E2A1F0162DA7E04F00F3543F /* Build configuration list for PBXNativeTarget "EmotionsLabPatientUITests" */;
			buildPhases = (
				E2A1F0022DA7E04F00F3543F /* Sources */,
				E2A1F0032DA7E04F00F3543F /* Frameworks */,
				E2A1F0042DA7E04F00F3543F /* Resources */,
			);
			buildRules = (
			);
			dependencies = (
				E2A1F0082DA7E04F00F3543F /* PBXTargetDependency */,
			);
			fileSystemSynchronizedGroups = (
				E2A1F0092DA7E04F00F3543F /* EmotionsLabPatientUITests */,
			);
			name = EmotionsLabPatientUITests;
			packageProductDependencies = (
			);
			productName = EmotionsLabPatientUITests;
			productReference = E2A1F0062DA7E04F00F3543F /* EmotionsLabPatientUITests.xctest */;
			productType = "com.apple.product-type.bundle.ui-testing";
		};
/* End PBXNativeTarget section */

/* Begin PBXProject section */
		E2A1EFE72DA7E04D00F3543F /* Project object */ = {
			isa = PBXProject;
			attributes = {
				BuildIndependentTargetsInParallel = 1;
				LastSwiftUpdateCheck = 1630;
				LastUpgradeCheck = 1630;
				TargetAttributes = {
					E2A1EFEE2DA7E04D00F3543F = {
						CreatedOnToolsVersion = 16.3;
					};
					E2A1EFFB2DA7E04F00F3543F = {
						CreatedOnToolsVersion = 16.3;
						TestTargetID = E2A1EFEE2DA7E04D00F3543F;
					};
					E2A1F0052DA7E04F00F3543F = {
						CreatedOnToolsVersion = 16.3;
						TestTargetID = E2A1EFEE2DA7E04D00F3543F;
					};
				};
			};
			buildConfigurationList = E2A1EFEA2DA7E04D00F3543F /* Build configuration list for PBXProject "EmotionsLabPatient" */;
			developmentRegion = en;
			hasScannedForEncodings = 0;
			knownRegions = (
				en,
				Base,
			);
			mainGroup = E2A1EFE62DA7E04D00F3543F;
			minimizedProjectReferenceProxies = 1;
			packageReferences = (
				E24D71DB2DC7983500BA8AE0 /* XCRemoteSwiftPackageReference "SDWebImageSwiftUI" */,
			);
			preferredProjectObjectVersion = 77;
			productRefGroup = E2A1EFF02DA7E04D00F3543F /* Products */;
			projectDirPath = "";
			projectRoot = "";
			targets = (
				E2A1EFEE2DA7E04D00F3543F /* EmotionsLabPatient */,
				E2A1EFFB2DA7E04F00F3543F /* EmotionsLabPatientTests */,
				E2A1F0052DA7E04F00F3543F /* EmotionsLabPatientUITests */,
			);
		};
/* End PBXProject section */

/* Begin PBXResourcesBuildPhase section */
		E2A1EFED2DA7E04D00F3543F /* Resources */ = {
			isa = PBXResourcesBuildPhase;
			buildActionMask = 2147483647;
			files = (
			);
			runOnlyForDeploymentPostprocessing = 0;
		};
		E2A1EFFA2DA7E04F00F3543F /* Resources */ = {
			isa = PBXResourcesBuildPhase;
			buildActionMask = 2147483647;
			files = (
			);
			runOnlyForDeploymentPostprocessing = 0;
		};
		E2A1F0042DA7E04F00F3543F /* Resources */ = {
			isa = PBXResourcesBuildPhase;
			buildActionMask = 2147483647;
			files = (
			);
			runOnlyForDeploymentPostprocessing = 0;
		};
/* End PBXResourcesBuildPhase section */

/* Begin PBXSourcesBuildPhase section */
		E2A1EFEB2DA7E04D00F3543F /* Sources */ = {
			isa = PBXSourcesBuildPhase;
			buildActionMask = 2147483647;
			files = (
			);
			runOnlyForDeploymentPostprocessing = 0;
		};
		E2A1EFF82DA7E04F00F3543F /* Sources */ = {
			isa = PBXSourcesBuildPhase;
			buildActionMask = 2147483647;
			files = (
			);
			runOnlyForDeploymentPostprocessing = 0;
		};
		E2A1F0022DA7E04F00F3543F /* Sources */ = {
			isa = PBXSourcesBuildPhase;
			buildActionMask = 2147483647;
			files = (
			);
			runOnlyForDeploymentPostprocessing = 0;
		};
/* End PBXSourcesBuildPhase section */

/* Begin PBXTargetDependency section */
		E2A1EFFE2DA7E04F00F3543F /* PBXTargetDependency */ = {
			isa = PBXTargetDependency;
			target = E2A1EFEE2DA7E04D00F3543F /* EmotionsLabPatient */;
			targetProxy = E2A1EFFD2DA7E04F00F3543F /* PBXContainerItemProxy */;
		};
		E2A1F0082DA7E04F00F3543F /* PBXTargetDependency */ = {
			isa = PBXTargetDependency;
			target = E2A1EFEE2DA7E04D00F3543F /* EmotionsLabPatient */;
			targetProxy = E2A1F0072DA7E04F00F3543F /* PBXContainerItemProxy */;
		};
/* End PBXTargetDependency section */

/* Begin XCBuildConfiguration section */
		E2A1F00E2DA7E04F00F3543F /* Debug */ = {
			isa = XCBuildConfiguration;
			buildSettings = {
				ALWAYS_SEARCH_USER_PATHS = NO;
				ASSETCATALOG_COMPILER_GENERATE_SWIFT_ASSET_SYMBOL_EXTENSIONS = YES;
				CLANG_ANALYZER_NONNULL = YES;
				CLANG_ANALYZER_NUMBER_OBJECT_CONVERSION = YES_AGGRESSIVE;
				CLANG_CXX_LANGUAGE_STANDARD = "gnu++20";
				CLANG_ENABLE_MODULES = YES;
				CLANG_ENABLE_OBJC_ARC = YES;
				CLANG_ENABLE_OBJC_WEAK = YES;
				CLANG_WARN_BLOCK_CAPTURE_AUTORELEASING = YES;
				CLANG_WARN_BOOL_CONVERSION = YES;
				CLANG_WARN_COMMA = YES;
				CLANG_WARN_CONSTANT_CONVERSION = YES;
				CLANG_WARN_DEPRECATED_OBJC_IMPLEMENTATIONS = YES;
				CLANG_WARN_DIRECT_OBJC_ISA_USAGE = YES_ERROR;
				CLANG_WARN_DOCUMENTATION_COMMENTS = YES;
				CLANG_WARN_EMPTY_BODY = YES;
				CLANG_WARN_ENUM_CONVERSION = YES;
				CLANG_WARN_INFINITE_RECURSION = YES;
				CLANG_WARN_INT_CONVERSION = YES;
				CLANG_WARN_NON_LITERAL_NULL_CONVERSION = YES;
				CLANG_WARN_OBJC_IMPLICIT_RETAIN_SELF = YES;
				CLANG_WARN_OBJC_LITERAL_CONVERSION = YES;
				CLANG_WARN_OBJC_ROOT_CLASS = YES_ERROR;
				CLANG_WARN_QUOTED_INCLUDE_IN_FRAMEWORK_HEADER = YES;
				CLANG_WARN_RANGE_LOOP_ANALYSIS = YES;
				CLANG_WARN_STRICT_PROTOTYPES = YES;
				CLANG_WARN_SUSPICIOUS_MOVE = YES;
				CLANG_WARN_UNGUARDED_AVAILABILITY = YES_AGGRESSIVE;
				CLANG_WARN_UNREACHABLE_CODE = YES;
				CLANG_WARN__DUPLICATE_METHOD_MATCH = YES;
				COPY_PHASE_STRIP = NO;
				DEBUG_INFORMATION_FORMAT = dwarf;
				DEVELOPMENT_TEAM = Z6S698QJX2;
				ENABLE_STRICT_OBJC_MSGSEND = YES;
				ENABLE_TESTABILITY = YES;
				ENABLE_USER_SCRIPT_SANDBOXING = YES;
				GCC_C_LANGUAGE_STANDARD = gnu17;
				GCC_DYNAMIC_NO_PIC = NO;
				GCC_NO_COMMON_BLOCKS = YES;
				GCC_OPTIMIZATION_LEVEL = 0;
				GCC_PREPROCESSOR_DEFINITIONS = (
					"DEBUG=1",
					"$(inherited)",
				);
				GCC_WARN_64_TO_32_BIT_CONVERSION = YES;
				GCC_WARN_ABOUT_RETURN_TYPE = YES_ERROR;
				GCC_WARN_UNDECLARED_SELECTOR = YES;
				GCC_WARN_UNINITIALIZED_AUTOS = YES_AGGRESSIVE;
				GCC_WARN_UNUSED_FUNCTION = YES;
				GCC_WARN_UNUSED_VARIABLE = YES;
				IPHONEOS_DEPLOYMENT_TARGET = 18.4;
				LOCALIZATION_PREFERS_STRING_CATALOGS = YES;
				MTL_ENABLE_DEBUG_INFO = INCLUDE_SOURCE;
				MTL_FAST_MATH = YES;
				ONLY_ACTIVE_ARCH = YES;
				SDKROOT = iphoneos;
				SWIFT_ACTIVE_COMPILATION_CONDITIONS = "DEBUG $(inherited)";
				SWIFT_OPTIMIZATION_LEVEL = "-Onone";
			};
			name = Debug;
		};
		E2A1F00F2DA7E04F00F3543F /* Release */ = {
			isa = XCBuildConfiguration;
			buildSettings = {
				ALWAYS_SEARCH_USER_PATHS = NO;
				ASSETCATALOG_COMPILER_GENERATE_SWIFT_ASSET_SYMBOL_EXTENSIONS = YES;
				CLANG_ANALYZER_NONNULL = YES;
				CLANG_ANALYZER_NUMBER_OBJECT_CONVERSION = YES_AGGRESSIVE;
				CLANG_CXX_LANGUAGE_STANDARD = "gnu++20";
				CLANG_ENABLE_MODULES = YES;
				CLANG_ENABLE_OBJC_ARC = YES;
				CLANG_ENABLE_OBJC_WEAK = YES;
				CLANG_WARN_BLOCK_CAPTURE_AUTORELEASING = YES;
				CLANG_WARN_BOOL_CONVERSION = YES;
				CLANG_WARN_COMMA = YES;
				CLANG_WARN_CONSTANT_CONVERSION = YES;
				CLANG_WARN_DEPRECATED_OBJC_IMPLEMENTATIONS = YES;
				CLANG_WARN_DIRECT_OBJC_ISA_USAGE = YES_ERROR;
				CLANG_WARN_DOCUMENTATION_COMMENTS = YES;
				CLANG_WARN_EMPTY_BODY = YES;
				CLANG_WARN_ENUM_CONVERSION = YES;
				CLANG_WARN_INFINITE_RECURSION = YES;
				CLANG_WARN_INT_CONVERSION = YES;
				CLANG_WARN_NON_LITERAL_NULL_CONVERSION = YES;
				CLANG_WARN_OBJC_IMPLICIT_RETAIN_SELF = YES;
				CLANG_WARN_OBJC_LITERAL_CONVERSION = YES;
				CLANG_WARN_OBJC_ROOT_CLASS = YES_ERROR;
				CLANG_WARN_QUOTED_INCLUDE_IN_FRAMEWORK_HEADER = YES;
				CLANG_WARN_RANGE_LOOP_ANALYSIS = YES;
				CLANG_WARN_STRICT_PROTOTYPES = YES;
				CLANG_WARN_SUSPICIOUS_MOVE = YES;
				CLANG_WARN_UNGUARDED_AVAILABILITY = YES_AGGRESSIVE;
				CLANG_WARN_UNREACHABLE_CODE = YES;
				CLANG_WARN__DUPLICATE_METHOD_MATCH = YES;
				COPY_PHASE_STRIP = NO;
				DEBUG_INFORMATION_FORMAT = "dwarf-with-dsym";
				DEVELOPMENT_TEAM = Z6S698QJX2;
				ENABLE_NS_ASSERTIONS = NO;
				ENABLE_STRICT_OBJC_MSGSEND = YES;
				ENABLE_USER_SCRIPT_SANDBOXING = YES;
				GCC_C_LANGUAGE_STANDARD = gnu17;
				GCC_NO_COMMON_BLOCKS = YES;
				GCC_WARN_64_TO_32_BIT_CONVERSION = YES;
				GCC_WARN_ABOUT_RETURN_TYPE = YES_ERROR;
				GCC_WARN_UNDECLARED_SELECTOR = YES;
				GCC_WARN_UNINITIALIZED_AUTOS = YES_AGGRESSIVE;
				GCC_WARN_UNUSED_FUNCTION = YES;
				GCC_WARN_UNUSED_VARIABLE = YES;
				IPHONEOS_DEPLOYMENT_TARGET = 18.4;
				LOCALIZATION_PREFERS_STRING_CATALOGS = YES;
				MTL_ENABLE_DEBUG_INFO = NO;
				MTL_FAST_MATH = YES;
				SDKROOT = iphoneos;
				SWIFT_COMPILATION_MODE = wholemodule;
				VALIDATE_PRODUCT = YES;
			};
			name = Release;
		};
		E2A1F0112DA7E04F00F3543F /* Debug */ = {
			isa = XCBuildConfiguration;
			buildSettings = {
				ASSETCATALOG_COMPILER_APPICON_NAME = AppIcon;
				ASSETCATALOG_COMPILER_GLOBAL_ACCENT_COLOR_NAME = AccentColor;
				CODE_SIGN_STYLE = Automatic;
				CURRENT_PROJECT_VERSION = 1;
				DEVELOPMENT_TEAM = Z6S698QJX2;
				ENABLE_PREVIEWS = YES;
				GENERATE_INFOPLIST_FILE = YES;
				INFOPLIST_FILE = EmotionsLabPatient/Info.plist;
				INFOPLIST_KEY_CFBundleDisplayName = "";
				INFOPLIST_KEY_LSApplicationCategoryType = "";
				INFOPLIST_KEY_UIApplicationSceneManifest_Generation = YES;
				INFOPLIST_KEY_UIApplicationSupportsIndirectInputEvents = YES;
				INFOPLIST_KEY_UILaunchScreen_Generation = YES;
				INFOPLIST_KEY_UISupportedInterfaceOrientations_iPad = "UIInterfaceOrientationPortrait UIInterfaceOrientationPortraitUpsideDown UIInterfaceOrientationLandscapeLeft UIInterfaceOrientationLandscapeRight";
				INFOPLIST_KEY_UISupportedInterfaceOrientations_iPhone = "UIInterfaceOrientationPortrait UIInterfaceOrientationLandscapeLeft UIInterfaceOrientationLandscapeRight";
				LD_RUNPATH_SEARCH_PATHS = (
					"$(inherited)",
					"@executable_path/Frameworks",
				);
				MARKETING_VERSION = 1.0;
				PRODUCT_BUNDLE_IDENTIFIER = test.EmotionsLabPatient;
				PRODUCT_NAME = "$(TARGET_NAME)";
				SWIFT_EMIT_LOC_STRINGS = YES;
				SWIFT_VERSION = 5.0;
				TARGETED_DEVICE_FAMILY = "1,2";
			};
			name = Debug;
		};
		E2A1F0122DA7E04F00F3543F /* Release */ = {
			isa = XCBuildConfiguration;
			buildSettings = {
				ASSETCATALOG_COMPILER_APPICON_NAME = AppIcon;
				ASSETCATALOG_COMPILER_GLOBAL_ACCENT_COLOR_NAME = AccentColor;
				CODE_SIGN_STYLE = Automatic;
				CURRENT_PROJECT_VERSION = 1;
				DEVELOPMENT_TEAM = Z6S698QJX2;
				ENABLE_PREVIEWS = YES;
				GENERATE_INFOPLIST_FILE = YES;
				INFOPLIST_FILE = EmotionsLabPatient/Info.plist;
				INFOPLIST_KEY_CFBundleDisplayName = "";
				INFOPLIST_KEY_LSApplicationCategoryType = "";
				INFOPLIST_KEY_UIApplicationSceneManifest_Generation = YES;
				INFOPLIST_KEY_UIApplicationSupportsIndirectInputEvents = YES;
				INFOPLIST_KEY_UILaunchScreen_Generation = YES;
				INFOPLIST_KEY_UISupportedInterfaceOrientations_iPad = "UIInterfaceOrientationPortrait UIInterfaceOrientationPortraitUpsideDown UIInterfaceOrientationLandscapeLeft UIInterfaceOrientationLandscapeRight";
				INFOPLIST_KEY_UISupportedInterfaceOrientations_iPhone = "UIInterfaceOrientationPortrait UIInterfaceOrientationLandscapeLeft UIInterfaceOrientationLandscapeRight";
				LD_RUNPATH_SEARCH_PATHS = (
					"$(inherited)",
					"@executable_path/Frameworks",
				);
				MARKETING_VERSION = 1.0;
				PRODUCT_BUNDLE_IDENTIFIER = test.EmotionsLabPatient;
				PRODUCT_NAME = "$(TARGET_NAME)";
				SWIFT_EMIT_LOC_STRINGS = YES;
				SWIFT_VERSION = 5.0;
				TARGETED_DEVICE_FAMILY = "1,2";
			};
			name = Release;
		};
		E2A1F0142DA7E04F00F3543F /* Debug */ = {
			isa = XCBuildConfiguration;
			buildSettings = {
				BUNDLE_LOADER = "$(TEST_HOST)";
				CODE_SIGN_STYLE = Automatic;
				CURRENT_PROJECT_VERSION = 1;
				DEVELOPMENT_TEAM = Z6S698QJX2;
				GENERATE_INFOPLIST_FILE = YES;
				IPHONEOS_DEPLOYMENT_TARGET = 18.4;
				MARKETING_VERSION = 1.0;
				PRODUCT_BUNDLE_IDENTIFIER = test.EmotionsLabPatientTests;
				PRODUCT_NAME = "$(TARGET_NAME)";
				SWIFT_EMIT_LOC_STRINGS = NO;
				SWIFT_VERSION = 5.0;
				TARGETED_DEVICE_FAMILY = "1,2";
				TEST_HOST = "$(BUILT_PRODUCTS_DIR)/EmotionsLabPatient.app/$(BUNDLE_EXECUTABLE_FOLDER_PATH)/EmotionsLabPatient";
			};
			name = Debug;
		};
		E2A1F0152DA7E04F00F3543F /* Release */ = {
			isa = XCBuildConfiguration;
			buildSettings = {
				BUNDLE_LOADER = "$(TEST_HOST)";
				CODE_SIGN_STYLE = Automatic;
				CURRENT_PROJECT_VERSION = 1;
				DEVELOPMENT_TEAM = Z6S698QJX2;
				GENERATE_INFOPLIST_FILE = YES;
				IPHONEOS_DEPLOYMENT_TARGET = 18.4;
				MARKETING_VERSION = 1.0;
				PRODUCT_BUNDLE_IDENTIFIER = test.EmotionsLabPatientTests;
				PRODUCT_NAME = "$(TARGET_NAME)";
				SWIFT_EMIT_LOC_STRINGS = NO;
				SWIFT_VERSION = 5.0;
				TARGETED_DEVICE_FAMILY = "1,2";
				TEST_HOST = "$(BUILT_PRODUCTS_DIR)/EmotionsLabPatient.app/$(BUNDLE_EXECUTABLE_FOLDER_PATH)/EmotionsLabPatient";
			};
			name = Release;
		};
		E2A1F0172DA7E04F00F3543F /* Debug */ = {
			isa = XCBuildConfiguration;
			buildSettings = {
				CODE_SIGN_STYLE = Automatic;
				CURRENT_PROJECT_VERSION = 1;
				DEVELOPMENT_TEAM = Z6S698QJX2;
				GENERATE_INFOPLIST_FILE = YES;
				MARKETING_VERSION = 1.0;
				PRODUCT_BUNDLE_IDENTIFIER = test.EmotionsLabPatientUITests;
				PRODUCT_NAME = "$(TARGET_NAME)";
				SWIFT_EMIT_LOC_STRINGS = NO;
				SWIFT_VERSION = 5.0;
				TARGETED_DEVICE_FAMILY = "1,2";
				TEST_TARGET_NAME = EmotionsLabPatient;
			};
			name = Debug;
		};
		E2A1F0182DA7E04F00F3543F /* Release */ = {
			isa = XCBuildConfiguration;
			buildSettings = {
				CODE_SIGN_STYLE = Automatic;
				CURRENT_PROJECT_VERSION = 1;
				DEVELOPMENT_TEAM = Z6S698QJX2;
				GENERATE_INFOPLIST_FILE = YES;
				MARKETING_VERSION = 1.0;
				PRODUCT_BUNDLE_IDENTIFIER = test.EmotionsLabPatientUITests;
				PRODUCT_NAME = "$(TARGET_NAME)";
				SWIFT_EMIT_LOC_STRINGS = NO;
				SWIFT_VERSION = 5.0;
				TARGETED_DEVICE_FAMILY = "1,2";
				TEST_TARGET_NAME = EmotionsLabPatient;
			};
			name = Release;
		};
/* End XCBuildConfiguration section */

/* Begin XCConfigurationList section */
		E2A1EFEA2DA7E04D00F3543F /* Build configuration list for PBXProject "EmotionsLabPatient" */ = {
			isa = XCConfigurationList;
			buildConfigurations = (
				E2A1F00E2DA7E04F00F3543F /* Debug */,
				E2A1F00F2DA7E04F00F3543F /* Release */,
			);
			defaultConfigurationIsVisible = 0;
			defaultConfigurationName = Release;
		};
		E2A1F0102DA7E04F00F3543F /* Build configuration list for PBXNativeTarget "EmotionsLabPatient" */ = {
			isa = XCConfigurationList;
			buildConfigurations = (
				E2A1F0112DA7E04F00F3543F /* Debug */,
				E2A1F0122DA7E04F00F3543F /* Release */,
			);
			defaultConfigurationIsVisible = 0;
			defaultConfigurationName = Release;
		};
		E2A1F0132DA7E04F00F3543F /* Build configuration list for PBXNativeTarget "EmotionsLabPatientTests" */ = {
			isa = XCConfigurationList;
			buildConfigurations = (
				E2A1F0142DA7E04F00F3543F /* Debug */,
				E2A1F0152DA7E04F00F3543F /* Release */,
			);
			defaultConfigurationIsVisible = 0;
			defaultConfigurationName = Release;
		};
		E2A1F0162DA7E04F00F3543F /* Build configuration list for PBXNativeTarget "EmotionsLabPatientUITests" */ = {
			isa = XCConfigurationList;
			buildConfigurations = (
				E2A1F0172DA7E04F00F3543F /* Debug */,
				E2A1F0182DA7E04F00F3543F /* Release */,
			);
			defaultConfigurationIsVisible = 0;
			defaultConfigurationName = Release;
		};
/* End XCConfigurationList section */

/* Begin XCRemoteSwiftPackageReference section */
		E24D71DB2DC7983500BA8AE0 /* XCRemoteSwiftPackageReference "SDWebImageSwiftUI" */ = {
			isa = XCRemoteSwiftPackageReference;
			repositoryURL = "https://github.com/SDWebImage/SDWebImageSwiftUI.git";
			requirement = {
				kind = upToNextMajorVersion;
				minimumVersion = 3.1.3;
			};
		};
/* End XCRemoteSwiftPackageReference section */

/* Begin XCSwiftPackageProductDependency section */
		E24D71DC2DC798B600BA8AE0 /* SDWebImageSwiftUI */ = {
			isa = XCSwiftPackageProductDependency;
			package = E24D71DB2DC7983500BA8AE0 /* XCRemoteSwiftPackageReference "SDWebImageSwiftUI" */;
			productName = SDWebImageSwiftUI;
		};
/* End XCSwiftPackageProductDependency section */
	};
	rootObject = E2A1EFE72DA7E04D00F3543F /* Project object */;
}
